
Microsoft Visual Studio Solution File, Format Version 12.00
# Visual Studio Version 16
VisualStudioVersion = 16.0.31005.135
MinimumVisualStudioVersion = 10.0.40219.1
Project("{FAE04EC0-301F-11D3-BF4B-00C04F79EFBC}") = "Лабораторная работа №1 (2 семестр)", "Лабораторная работа №1 (2 семестр)\Лабораторная работа №1 (2 семестр).csproj", "{BB4C6228-253C-40EF-B0FE-7B60C59662A6}"
EndProject
Global
	GlobalSection(SolutionConfigurationPlatforms) = preSolution
		Debug|Any CPU = Debug|Any CPU
		Release|Any CPU = Release|Any CPU
	EndGlobalSection
	GlobalSection(ProjectConfigurationPlatforms) = postSolution
		{BB4C6228-253C-40EF-B0FE-7B60C59662A6}.Debug|Any CPU.ActiveCfg = Debug|Any CPU
		{BB4C6228-253C-40EF-B0FE-7B60C59662A6}.Debug|Any CPU.Build.0 = Debug|Any CPU
		{BB4C6228-253C-40EF-B0FE-7B60C59662A6}.Release|Any CPU.ActiveCfg = Release|Any CPU
		{BB4C6228-253C-40EF-B0FE-7B60C59662A6}.Release|Any CPU.Build.0 = Release|Any CPU
	EndGlobalSection
	GlobalSection(SolutionProperties) = preSolution
		HideSolutionNode = FALSE
	EndGlobalSection
	GlobalSection(ExtensibilityGlobals) = postSolution
		SolutionGuid = {3D22775B-0073-4D72-8323-2A6996A7714C}
	EndGlobalSection
EndGlobal
