
Microsoft Visual Studio Solution File, Format Version 12.00
# Visual Studio Version 16
VisualStudioVersion = 16.0.31005.135
MinimumVisualStudioVersion = 10.0.40219.1
Project("{FAE04EC0-301F-11D3-BF4B-00C04F79EFBC}") = "Лабораторная работа №2 (2 семестр)", "Лабораторная работа №2 (2 семестр)\Лабораторная работа №2 (2 семестр).csproj", "{D1929D0B-5182-42F9-B45F-4F80F361765E}"
EndProject
Global
	GlobalSection(SolutionConfigurationPlatforms) = preSolution
		Debug|Any CPU = Debug|Any CPU
		Release|Any CPU = Release|Any CPU
	EndGlobalSection
	GlobalSection(ProjectConfigurationPlatforms) = postSolution
		{D1929D0B-5182-42F9-B45F-4F80F361765E}.Debug|Any CPU.ActiveCfg = Debug|Any CPU
		{D1929D0B-5182-42F9-B45F-4F80F361765E}.Debug|Any CPU.Build.0 = Debug|Any CPU
		{D1929D0B-5182-42F9-B45F-4F80F361765E}.Release|Any CPU.ActiveCfg = Release|Any CPU
		{D1929D0B-5182-42F9-B45F-4F80F361765E}.Release|Any CPU.Build.0 = Release|Any CPU
	EndGlobalSection
	GlobalSection(SolutionProperties) = preSolution
		HideSolutionNode = FALSE
	EndGlobalSection
	GlobalSection(ExtensibilityGlobals) = postSolution
		SolutionGuid = {DA35E630-7B4E-4331-9C70-1827E76C691C}
	EndGlobalSection
EndGlobal
