
Microsoft Visual Studio Solution File, Format Version 12.00
# Visual Studio Version 16
VisualStudioVersion = 16.0.30717.126
MinimumVisualStudioVersion = 10.0.40219.1
Project("{FAE04EC0-301F-11D3-BF4B-00C04F79EFBC}") = "Лабораторная работа №4 (2 семестр)", "Лабораторная работа №4 (2 семестр)\Лабораторная работа №4 (2 семестр).csproj", "{2F0BD1F8-5992-417E-AB20-60F44F5F4FE9}"
EndProject
Global
	GlobalSection(SolutionConfigurationPlatforms) = preSolution
		Debug|Any CPU = Debug|Any CPU
		Release|Any CPU = Release|Any CPU
	EndGlobalSection
	GlobalSection(ProjectConfigurationPlatforms) = postSolution
		{2F0BD1F8-5992-417E-AB20-60F44F5F4FE9}.Debug|Any CPU.ActiveCfg = Debug|Any CPU
		{2F0BD1F8-5992-417E-AB20-60F44F5F4FE9}.Debug|Any CPU.Build.0 = Debug|Any CPU
		{2F0BD1F8-5992-417E-AB20-60F44F5F4FE9}.Release|Any CPU.ActiveCfg = Release|Any CPU
		{2F0BD1F8-5992-417E-AB20-60F44F5F4FE9}.Release|Any CPU.Build.0 = Release|Any CPU
	EndGlobalSection
	GlobalSection(SolutionProperties) = preSolution
		HideSolutionNode = FALSE
	EndGlobalSection
	GlobalSection(ExtensibilityGlobals) = postSolution
		SolutionGuid = {015DC4D0-5637-4543-8994-8780C34C10DB}
	EndGlobalSection
EndGlobal
